
Microsoft Visual Studio Solution File, Format Version 12.00
# Visual Studio Version 17
VisualStudioVersion = 17.5.002.0
MinimumVisualStudioVersion = 10.0.40219.1
Project("{9A19103F-16F7-4668-BE54-9A1E7A4F7556}") = "myfirstapp", "myfirstapp.csproj", "{4E70836F-9616-4C18-8503-D49C03275D9B}"
EndProject
Global
	GlobalSection(SolutionConfigurationPlatforms) = preSolution
		Debug|Any CPU = Debug|Any CPU
		Release|Any CPU = Release|Any CPU
	EndGlobalSection
	GlobalSection(ProjectConfigurationPlatforms) = postSolution
		{4E70836F-9616-4C18-8503-D49C03275D9B}.Debug|Any CPU.ActiveCfg = Debug|Any CPU
		{4E70836F-9616-4C18-8503-D49C03275D9B}.Debug|Any CPU.Build.0 = Debug|Any CPU
		{4E70836F-9616-4C18-8503-D49C03275D9B}.Release|Any CPU.ActiveCfg = Release|Any CPU
		{4E70836F-9616-4C18-8503-D49C03275D9B}.Release|Any CPU.Build.0 = Release|Any CPU
	EndGlobalSection
	GlobalSection(SolutionProperties) = preSolution
		HideSolutionNode = FALSE
	EndGlobalSection
	GlobalSection(ExtensibilityGlobals) = postSolution
		SolutionGuid = {5A00FC51-D053-4EE5-978C-E28F0EE28C54}
	EndGlobalSection
EndGlobal
